
Microsoft Visual Studio Solution File, Format Version 12.00
# Visual Studio 2013
VisualStudioVersion = 12.0.21005.1
MinimumVisualStudioVersion = 10.0.40219.1
Project("{FAE04EC0-301F-11D3-BF4B-00C04F79EFBC}") = "ToDoList.WebClient", "ToDoList.WebClient\ToDoList.WebClient.csproj", "{B483C634-E5FD-4AC2-B77B-29F469E0828E}"
EndProject
Project("{FAE04EC0-301F-11D3-BF4B-00C04F79EFBC}") = "ToDolist.DataAccess", "ToDolist.DataAccess\ToDolist.DataAccess.csproj", "{F821298E-62AE-4BE9-BFE0-F0842DA87416}"
EndProject
Project("{FAE04EC0-301F-11D3-BF4B-00C04F79EFBC}") = "ToDolist.Service", "ToDolist.Service\ToDolist.Service.csproj", "{3AE0E1C4-70E7-451F-8C2B-928FBFA003E9}"
EndProject
Project("{FAE04EC0-301F-11D3-BF4B-00C04F79EFBC}") = "ToDolist.ApiWApplication", "ToDolist.ApiWApplication\ToDolist.ApiWApplication.csproj", "{33587FDE-24E7-475C-B71B-8BE7506957EC}"
EndProject
Project("{FAE04EC0-301F-11D3-BF4B-00C04F79EFBC}") = "ToDolist.ViewModel", "ToDolist.ViewModel\ToDolist.ViewModel.csproj", "{866BE281-3DA4-465F-9FC8-15985D974B2B}"
EndProject
Global
	GlobalSection(SolutionConfigurationPlatforms) = preSolution
		Debug|Any CPU = Debug|Any CPU
		Release|Any CPU = Release|Any CPU
	EndGlobalSection
	GlobalSection(ProjectConfigurationPlatforms) = postSolution
		{B483C634-E5FD-4AC2-B77B-29F469E0828E}.Debug|Any CPU.ActiveCfg = Debug|Any CPU
		{B483C634-E5FD-4AC2-B77B-29F469E0828E}.Debug|Any CPU.Build.0 = Debug|Any CPU
		{B483C634-E5FD-4AC2-B77B-29F469E0828E}.Release|Any CPU.ActiveCfg = Release|Any CPU
		{B483C634-E5FD-4AC2-B77B-29F469E0828E}.Release|Any CPU.Build.0 = Release|Any CPU
		{F821298E-62AE-4BE9-BFE0-F0842DA87416}.Debug|Any CPU.ActiveCfg = Debug|Any CPU
		{F821298E-62AE-4BE9-BFE0-F0842DA87416}.Debug|Any CPU.Build.0 = Debug|Any CPU
		{F821298E-62AE-4BE9-BFE0-F0842DA87416}.Release|Any CPU.ActiveCfg = Release|Any CPU
		{F821298E-62AE-4BE9-BFE0-F0842DA87416}.Release|Any CPU.Build.0 = Release|Any CPU
		{3AE0E1C4-70E7-451F-8C2B-928FBFA003E9}.Debug|Any CPU.ActiveCfg = Debug|Any CPU
		{3AE0E1C4-70E7-451F-8C2B-928FBFA003E9}.Debug|Any CPU.Build.0 = Debug|Any CPU
		{3AE0E1C4-70E7-451F-8C2B-928FBFA003E9}.Release|Any CPU.ActiveCfg = Release|Any CPU
		{3AE0E1C4-70E7-451F-8C2B-928FBFA003E9}.Release|Any CPU.Build.0 = Release|Any CPU
		{33587FDE-24E7-475C-B71B-8BE7506957EC}.Debug|Any CPU.ActiveCfg = Debug|Any CPU
		{33587FDE-24E7-475C-B71B-8BE7506957EC}.Debug|Any CPU.Build.0 = Debug|Any CPU
		{33587FDE-24E7-475C-B71B-8BE7506957EC}.Release|Any CPU.ActiveCfg = Release|Any CPU
		{33587FDE-24E7-475C-B71B-8BE7506957EC}.Release|Any CPU.Build.0 = Release|Any CPU
		{866BE281-3DA4-465F-9FC8-15985D974B2B}.Debug|Any CPU.ActiveCfg = Debug|Any CPU
		{866BE281-3DA4-465F-9FC8-15985D974B2B}.Debug|Any CPU.Build.0 = Debug|Any CPU
		{866BE281-3DA4-465F-9FC8-15985D974B2B}.Release|Any CPU.ActiveCfg = Release|Any CPU
		{866BE281-3DA4-465F-9FC8-15985D974B2B}.Release|Any CPU.Build.0 = Release|Any CPU
	EndGlobalSection
	GlobalSection(SolutionProperties) = preSolution
		HideSolutionNode = FALSE
	EndGlobalSection
EndGlobal
